// !$*UTF8*$!
{
	archiveVersion = 1;
	classes = {
	};
	objectVersion = 55;
	objects = {

/* Begin PBXBuildFile section */
		81699A7F288063D700D6CE5C /* AppDelegate.swift in Sources */ = {isa = PBXBuildFile; fileRef = 81699A7E288063D700D6CE5C /* AppDelegate.swift */; };
		81699A81288063D700D6CE5C /* SceneDelegate.swift in Sources */ = {isa = PBXBuildFile; fileRef = 81699A80288063D700D6CE5C /* SceneDelegate.swift */; };
		81699A86288063D700D6CE5C /* Main.storyboard in Resources */ = {isa = PBXBuildFile; fileRef = 81699A84288063D700D6CE5C /* Main.storyboard */; };
		81699A88288063DC00D6CE5C /* Assets.xcassets in Resources */ = {isa = PBXBuildFile; fileRef = 81699A87288063DC00D6CE5C /* Assets.xcassets */; };
		81699A8B288063DC00D6CE5C /* LaunchScreen.storyboard in Resources */ = {isa = PBXBuildFile; fileRef = 81699A89288063DC00D6CE5C /* LaunchScreen.storyboard */; };
		81699A9728806C1900D6CE5C /* ViewController.swift in Sources */ = {isa = PBXBuildFile; fileRef = 81699A9628806C1900D6CE5C /* ViewController.swift */; };
		81699A9B28806D8400D6CE5C /* TableViewCell.swift in Sources */ = {isa = PBXBuildFile; fileRef = 81699A9A28806D8400D6CE5C /* TableViewCell.swift */; };
		81699A9D28807A3300D6CE5C /* Service.swift in Sources */ = {isa = PBXBuildFile; fileRef = 81699A9C28807A3300D6CE5C /* Service.swift */; };
		81699A9F28807B0800D6CE5C /* ServiceModel.swift in Sources */ = {isa = PBXBuildFile; fileRef = 81699A9E28807B0800D6CE5C /* ServiceModel.swift */; };
/* End PBXBuildFile section */

/* Begin PBXFileReference section */
		81699A7B288063D700D6CE5C /* VK Service.app */ = {isa = PBXFileReference; explicitFileType = wrapper.application; includeInIndex = 0; path = "VK Service.app"; sourceTree = BUILT_PRODUCTS_DIR; };
		81699A7E288063D700D6CE5C /* AppDelegate.swift */ = {isa = PBXFileReference; lastKnownFileType = sourcecode.swift; path = AppDelegate.swift; sourceTree = "<group>"; };
		81699A80288063D700D6CE5C /* SceneDelegate.swift */ = {isa = PBXFileReference; lastKnownFileType = sourcecode.swift; path = SceneDelegate.swift; sourceTree = "<group>"; };
		81699A85288063D700D6CE5C /* Base */ = {isa = PBXFileReference; lastKnownFileType = file.storyboard; name = Base; path = Base.lproj/Main.storyboard; sourceTree = "<group>"; };
		81699A87288063DC00D6CE5C /* Assets.xcassets */ = {isa = PBXFileReference; lastKnownFileType = folder.assetcatalog; path = Assets.xcassets; sourceTree = "<group>"; };
		81699A8A288063DC00D6CE5C /* Base */ = {isa = PBXFileReference; lastKnownFileType = file.storyboard; name = Base; path = Base.lproj/LaunchScreen.storyboard; sourceTree = "<group>"; };
		81699A8C288063DC00D6CE5C /* Info.plist */ = {isa = PBXFileReference; lastKnownFileType = text.plist.xml; path = Info.plist; sourceTree = "<group>"; };
		81699A9628806C1900D6CE5C /* ViewController.swift */ = {isa = PBXFileReference; lastKnownFileType = sourcecode.swift; path = ViewController.swift; sourceTree = "<group>"; };
		81699A9A28806D8400D6CE5C /* TableViewCell.swift */ = {isa = PBXFileReference; lastKnownFileType = sourcecode.swift; path = TableViewCell.swift; sourceTree = "<group>"; };
		81699A9C28807A3300D6CE5C /* Service.swift */ = {isa = PBXFileReference; lastKnownFileType = sourcecode.swift; path = Service.swift; sourceTree = "<group>"; };
		81699A9E28807B0800D6CE5C /* ServiceModel.swift */ = {isa = PBXFileReference; lastKnownFileType = sourcecode.swift; path = ServiceModel.swift; sourceTree = "<group>"; };
/* End PBXFileReference section */

/* Begin PBXFrameworksBuildPhase section */
		81699A78288063D700D6CE5C /* Frameworks */ = {
			isa = PBXFrameworksBuildPhase;
			buildActionMask = 2147483647;
			files = (
			);
			runOnlyForDeploymentPostprocessing = 0;
		};
/* End PBXFrameworksBuildPhase section */

/* Begin PBXGroup section */
		81699A72288063D700D6CE5C = {
			isa = PBXGroup;
			children = (
				81699A7D288063D700D6CE5C /* VK Service */,
				81699A7C288063D700D6CE5C /* Products */,
			);
			sourceTree = "<group>";
		};
		81699A7C288063D700D6CE5C /* Products */ = {
			isa = PBXGroup;
			children = (
				81699A7B288063D700D6CE5C /* VK Service.app */,
			);
			name = Products;
			sourceTree = "<group>";
		};
		81699A7D288063D700D6CE5C /* VK Service */ = {
			isa = PBXGroup;
			children = (
				81699A95288065D200D6CE5C /* Delegates */,
				81699A942880654700D6CE5C /* Controllers */,
				81699A932880653D00D6CE5C /* Views  */,
				81699A922880653000D6CE5C /* Models */,
				81699A87288063DC00D6CE5C /* Assets.xcassets */,
				81699A8C288063DC00D6CE5C /* Info.plist */,
			);
			path = "VK Service";
			sourceTree = "<group>";
		};
		81699A922880653000D6CE5C /* Models */ = {
			isa = PBXGroup;
			children = (
				81699A9C28807A3300D6CE5C /* Service.swift */,
				81699A9E28807B0800D6CE5C /* ServiceModel.swift */,
			);
			path = Models;
			sourceTree = "<group>";
		};
		81699A932880653D00D6CE5C /* Views  */ = {
			isa = PBXGroup;
			children = (
				81699A9828806D5200D6CE5C /* Cells */,
				81699A84288063D700D6CE5C /* Main.storyboard */,
				81699A89288063DC00D6CE5C /* LaunchScreen.storyboard */,
			);
			path = "Views ";
			sourceTree = "<group>";
		};
		81699A942880654700D6CE5C /* Controllers */ = {
			isa = PBXGroup;
			children = (
				81699A9628806C1900D6CE5C /* ViewController.swift */,
			);
			path = Controllers;
			sourceTree = "<group>";
		};
		81699A95288065D200D6CE5C /* Delegates */ = {
			isa = PBXGroup;
			children = (
				81699A7E288063D700D6CE5C /* AppDelegate.swift */,
				81699A80288063D700D6CE5C /* SceneDelegate.swift */,
			);
			path = Delegates;
			sourceTree = "<group>";
		};
		81699A9828806D5200D6CE5C /* Cells */ = {
			isa = PBXGroup;
			children = (
				81699A9928806D6000D6CE5C /* TableViewCells */,
			);
			path = Cells;
			sourceTree = "<group>";
		};
		81699A9928806D6000D6CE5C /* TableViewCells */ = {
			isa = PBXGroup;
			children = (
				81699A9A28806D8400D6CE5C /* TableViewCell.swift */,
			);
			path = TableViewCells;
			sourceTree = "<group>";
		};
/* End PBXGroup section */

/* Begin PBXNativeTarget section */
		81699A7A288063D700D6CE5C /* VK Service */ = {
			isa = PBXNativeTarget;
			buildConfigurationList = 81699A8F288063DC00D6CE5C /* Build configuration list for PBXNativeTarget "VK Service" */;
			buildPhases = (
				81699A77288063D700D6CE5C /* Sources */,
				81699A78288063D700D6CE5C /* Frameworks */,
				81699A79288063D700D6CE5C /* Resources */,
			);
			buildRules = (
			);
			dependencies = (
			);
			name = "VK Service";
			productName = "VK Service";
			productReference = 81699A7B288063D700D6CE5C /* VK Service.app */;
			productType = "com.apple.product-type.application";
		};
/* End PBXNativeTarget section */

/* Begin PBXProject section */
		81699A73288063D700D6CE5C /* Project object */ = {
			isa = PBXProject;
			attributes = {
				BuildIndependentTargetsInParallel = 1;
				LastSwiftUpdateCheck = 1340;
				LastUpgradeCheck = 1340;
				TargetAttributes = {
					81699A7A288063D700D6CE5C = {
						CreatedOnToolsVersion = 13.4.1;
					};
				};
			};
			buildConfigurationList = 81699A76288063D700D6CE5C /* Build configuration list for PBXProject "VK Service" */;
			compatibilityVersion = "Xcode 13.0";
			developmentRegion = en;
			hasScannedForEncodings = 0;
			knownRegions = (
				en,
				Base,
			);
			mainGroup = 81699A72288063D700D6CE5C;
			productRefGroup = 81699A7C288063D700D6CE5C /* Products */;
			projectDirPath = "";
			projectRoot = "";
			targets = (
				81699A7A288063D700D6CE5C /* VK Service */,
			);
		};
/* End PBXProject section */

/* Begin PBXResourcesBuildPhase section */
		81699A79288063D700D6CE5C /* Resources */ = {
			isa = PBXResourcesBuildPhase;
			buildActionMask = 2147483647;
			files = (
				81699A8B288063DC00D6CE5C /* LaunchScreen.storyboard in Resources */,
				81699A88288063DC00D6CE5C /* Assets.xcassets in Resources */,
				81699A86288063D700D6CE5C /* Main.storyboard in Resources */,
			);
			runOnlyForDeploymentPostprocessing = 0;
		};
/* End PBXResourcesBuildPhase section */

/* Begin PBXSourcesBuildPhase section */
		81699A77288063D700D6CE5C /* Sources */ = {
			isa = PBXSourcesBuildPhase;
			buildActionMask = 2147483647;
			files = (
				81699A9728806C1900D6CE5C /* ViewController.swift in Sources */,
				81699A9F28807B0800D6CE5C /* ServiceModel.swift in Sources */,
				81699A9B28806D8400D6CE5C /* TableViewCell.swift in Sources */,
				81699A9D28807A3300D6CE5C /* Service.swift in Sources */,
				81699A7F288063D700D6CE5C /* AppDelegate.swift in Sources */,
				81699A81288063D700D6CE5C /* SceneDelegate.swift in Sources */,
			);
			runOnlyForDeploymentPostprocessing = 0;
		};
/* End PBXSourcesBuildPhase section */

/* Begin PBXVariantGroup section */
		81699A84288063D700D6CE5C /* Main.storyboard */ = {
			isa = PBXVariantGroup;
			children = (
				81699A85288063D700D6CE5C /* Base */,
			);
			name = Main.storyboard;
			sourceTree = "<group>";
		};
		81699A89288063DC00D6CE5C /* LaunchScreen.storyboard */ = {
			isa = PBXVariantGroup;
			children = (
				81699A8A288063DC00D6CE5C /* Base */,
			);
			name = LaunchScreen.storyboard;
			sourceTree = "<group>";
		};
/* End PBXVariantGroup section */

/* Begin XCBuildConfiguration section */
		81699A8D288063DC00D6CE5C /* Debug */ = {
			isa = XCBuildConfiguration;
			buildSettings = {
				ALWAYS_SEARCH_USER_PATHS = NO;
				CLANG_ANALYZER_NONNULL = YES;
				CLANG_ANALYZER_NUMBER_OBJECT_CONVERSION = YES_AGGRESSIVE;
				CLANG_CXX_LANGUAGE_STANDARD = "gnu++17";
				CLANG_ENABLE_MODULES = YES;
				CLANG_ENABLE_OBJC_ARC = YES;
				CLANG_ENABLE_OBJC_WEAK = YES;
				CLANG_WARN_BLOCK_CAPTURE_AUTORELEASING = YES;
				CLANG_WARN_BOOL_CONVERSION = YES;
				CLANG_WARN_COMMA = YES;
				CLANG_WARN_CONSTANT_CONVERSION = YES;
				CLANG_WARN_DEPRECATED_OBJC_IMPLEMENTATIONS = YES;
				CLANG_WARN_DIRECT_OBJC_ISA_USAGE = YES_ERROR;
				CLANG_WARN_DOCUMENTATION_COMMENTS = YES;
				CLANG_WARN_EMPTY_BODY = YES;
				CLANG_WARN_ENUM_CONVERSION = YES;
				CLANG_WARN_INFINITE_RECURSION = YES;
				CLANG_WARN_INT_CONVERSION = YES;
				CLANG_WARN_NON_LITERAL_NULL_CONVERSION = YES;
				CLANG_WARN_OBJC_IMPLICIT_RETAIN_SELF = YES;
				CLANG_WARN_OBJC_LITERAL_CONVERSION = YES;
				CLANG_WARN_OBJC_ROOT_CLASS = YES_ERROR;
				CLANG_WARN_QUOTED_INCLUDE_IN_FRAMEWORK_HEADER = YES;
				CLANG_WARN_RANGE_LOOP_ANALYSIS = YES;
				CLANG_WARN_STRICT_PROTOTYPES = YES;
				CLANG_WARN_SUSPICIOUS_MOVE = YES;
				CLANG_WARN_UNGUARDED_AVAILABILITY = YES_AGGRESSIVE;
				CLANG_WARN_UNREACHABLE_CODE = YES;
				CLANG_WARN__DUPLICATE_METHOD_MATCH = YES;
				COPY_PHASE_STRIP = NO;
				DEBUG_INFORMATION_FORMAT = dwarf;
				ENABLE_STRICT_OBJC_MSGSEND = YES;
				ENABLE_TESTABILITY = YES;
				GCC_C_LANGUAGE_STANDARD = gnu11;
				GCC_DYNAMIC_NO_PIC = NO;
				GCC_NO_COMMON_BLOCKS = YES;
				GCC_OPTIMIZATION_LEVEL = 0;
				GCC_PREPROCESSOR_DEFINITIONS = (
					"DEBUG=1",
					"$(inherited)",
				);
				GCC_WARN_64_TO_32_BIT_CONVERSION = YES;
				GCC_WARN_ABOUT_RETURN_TYPE = YES_ERROR;
				GCC_WARN_UNDECLARED_SELECTOR = YES;
				GCC_WARN_UNINITIALIZED_AUTOS = YES_AGGRESSIVE;
				GCC_WARN_UNUSED_FUNCTION = YES;
				GCC_WARN_UNUSED_VARIABLE = YES;
				IPHONEOS_DEPLOYMENT_TARGET = 15.5;
				MTL_ENABLE_DEBUG_INFO = INCLUDE_SOURCE;
				MTL_FAST_MATH = YES;
				ONLY_ACTIVE_ARCH = YES;
				SDKROOT = iphoneos;
				SWIFT_ACTIVE_COMPILATION_CONDITIONS = DEBUG;
				SWIFT_OPTIMIZATION_LEVEL = "-Onone";
			};
			name = Debug;
		};
		81699A8E288063DC00D6CE5C /* Release */ = {
			isa = XCBuildConfiguration;
			buildSettings = {
				ALWAYS_SEARCH_USER_PATHS = NO;
				CLANG_ANALYZER_NONNULL = YES;
				CLANG_ANALYZER_NUMBER_OBJECT_CONVERSION = YES_AGGRESSIVE;
				CLANG_CXX_LANGUAGE_STANDARD = "gnu++17";
				CLANG_ENABLE_MODULES = YES;
				CLANG_ENABLE_OBJC_ARC = YES;
				CLANG_ENABLE_OBJC_WEAK = YES;
				CLANG_WARN_BLOCK_CAPTURE_AUTORELEASING = YES;
				CLANG_WARN_BOOL_CONVERSION = YES;
				CLANG_WARN_COMMA = YES;
				CLANG_WARN_CONSTANT_CONVERSION = YES;
				CLANG_WARN_DEPRECATED_OBJC_IMPLEMENTATIONS = YES;
				CLANG_WARN_DIRECT_OBJC_ISA_USAGE = YES_ERROR;
				CLANG_WARN_DOCUMENTATION_COMMENTS = YES;
				CLANG_WARN_EMPTY_BODY = YES;
				CLANG_WARN_ENUM_CONVERSION = YES;
				CLANG_WARN_INFINITE_RECURSION = YES;
				CLANG_WARN_INT_CONVERSION = YES;
				CLANG_WARN_NON_LITERAL_NULL_CONVERSION = YES;
				CLANG_WARN_OBJC_IMPLICIT_RETAIN_SELF = YES;
				CLANG_WARN_OBJC_LITERAL_CONVERSION = YES;
				CLANG_WARN_OBJC_ROOT_CLASS = YES_ERROR;
				CLANG_WARN_QUOTED_INCLUDE_IN_FRAMEWORK_HEADER = YES;
				CLANG_WARN_RANGE_LOOP_ANALYSIS = YES;
				CLANG_WARN_STRICT_PROTOTYPES = YES;
				CLANG_WARN_SUSPICIOUS_MOVE = YES;
				CLANG_WARN_UNGUARDED_AVAILABILITY = YES_AGGRESSIVE;
				CLANG_WARN_UNREACHABLE_CODE = YES;
				CLANG_WARN__DUPLICATE_METHOD_MATCH = YES;
				COPY_PHASE_STRIP = NO;
				DEBUG_INFORMATION_FORMAT = "dwarf-with-dsym";
				ENABLE_NS_ASSERTIONS = NO;
				ENABLE_STRICT_OBJC_MSGSEND = YES;
				GCC_C_LANGUAGE_STANDARD = gnu11;
				GCC_NO_COMMON_BLOCKS = YES;
				GCC_WARN_64_TO_32_BIT_CONVERSION = YES;
				GCC_WARN_ABOUT_RETURN_TYPE = YES_ERROR;
				GCC_WARN_UNDECLARED_SELECTOR = YES;
				GCC_WARN_UNINITIALIZED_AUTOS = YES_AGGRESSIVE;
				GCC_WARN_UNUSED_FUNCTION = YES;
				GCC_WARN_UNUSED_VARIABLE = YES;
				IPHONEOS_DEPLOYMENT_TARGET = 15.5;
				MTL_ENABLE_DEBUG_INFO = NO;
				MTL_FAST_MATH = YES;
				SDKROOT = iphoneos;
				SWIFT_COMPILATION_MODE = wholemodule;
				SWIFT_OPTIMIZATION_LEVEL = "-O";
				VALIDATE_PRODUCT = YES;
			};
			name = Release;
		};
		81699A90288063DC00D6CE5C /* Debug */ = {
			isa = XCBuildConfiguration;
			buildSettings = {
				ASSETCATALOG_COMPILER_APPICON_NAME = AppIcon;
				ASSETCATALOG_COMPILER_GLOBAL_ACCENT_COLOR_NAME = AccentColor;
				CODE_SIGN_STYLE = Automatic;
				CURRENT_PROJECT_VERSION = 1;
				DEVELOPMENT_TEAM = M68PAW62J5;
				GENERATE_INFOPLIST_FILE = YES;
				INFOPLIST_FILE = "VK Service/Info.plist";
				INFOPLIST_KEY_UIApplicationSupportsIndirectInputEvents = YES;
				INFOPLIST_KEY_UILaunchStoryboardName = LaunchScreen;
				INFOPLIST_KEY_UIMainStoryboardFile = Main;
				INFOPLIST_KEY_UISupportedInterfaceOrientations_iPad = "UIInterfaceOrientationPortrait UIInterfaceOrientationPortraitUpsideDown UIInterfaceOrientationLandscapeLeft UIInterfaceOrientationLandscapeRight";
				INFOPLIST_KEY_UISupportedInterfaceOrientations_iPhone = "UIInterfaceOrientationPortrait UIInterfaceOrientationLandscapeLeft UIInterfaceOrientationLandscapeRight";
				IPHONEOS_DEPLOYMENT_TARGET = 15.0;
				LD_RUNPATH_SEARCH_PATHS = (
					"$(inherited)",
					"@executable_path/Frameworks",
				);
				MARKETING_VERSION = 1.0;
				PRODUCT_BUNDLE_IDENTIFIER = com.example.TechPark;
				PRODUCT_NAME = "$(TARGET_NAME)";
				SWIFT_EMIT_LOC_STRINGS = YES;
				SWIFT_VERSION = 5.0;
				TARGETED_DEVICE_FAMILY = "1,2";
			};
			name = Debug;
		};
		81699A91288063DC00D6CE5C /* Release */ = {
			isa = XCBuildConfiguration;
			buildSettings = {
				ASSETCATALOG_COMPILER_APPICON_NAME = AppIcon;
				ASSETCATALOG_COMPILER_GLOBAL_ACCENT_COLOR_NAME = AccentColor;
				CODE_SIGN_STYLE = Automatic;
				CURRENT_PROJECT_VERSION = 1;
				DEVELOPMENT_TEAM = M68PAW62J5;
				GENERATE_INFOPLIST_FILE = YES;
				INFOPLIST_FILE = "VK Service/Info.plist";
				INFOPLIST_KEY_UIApplicationSupportsIndirectInputEvents = YES;
				INFOPLIST_KEY_UILaunchStoryboardName = LaunchScreen;
				INFOPLIST_KEY_UIMainStoryboardFile = Main;
				INFOPLIST_KEY_UISupportedInterfaceOrientations_iPad = "UIInterfaceOrientationPortrait UIInterfaceOrientationPortraitUpsideDown UIInterfaceOrientationLandscapeLeft UIInterfaceOrientationLandscapeRight";
				INFOPLIST_KEY_UISupportedInterfaceOrientations_iPhone = "UIInterfaceOrientationPortrait UIInterfaceOrientationLandscapeLeft UIInterfaceOrientationLandscapeRight";
				IPHONEOS_DEPLOYMENT_TARGET = 15.0;
				LD_RUNPATH_SEARCH_PATHS = (
					"$(inherited)",
					"@executable_path/Frameworks",
				);
				MARKETING_VERSION = 1.0;
				PRODUCT_BUNDLE_IDENTIFIER = com.example.TechPark;
				PRODUCT_NAME = "$(TARGET_NAME)";
				SWIFT_EMIT_LOC_STRINGS = YES;
				SWIFT_VERSION = 5.0;
				TARGETED_DEVICE_FAMILY = "1,2";
			};
			name = Release;
		};
/* End XCBuildConfiguration section */

/* Begin XCConfigurationList section */
		81699A76288063D700D6CE5C /* Build configuration list for PBXProject "VK Service" */ = {
			isa = XCConfigurationList;
			buildConfigurations = (
				81699A8D288063DC00D6CE5C /* Debug */,
				81699A8E288063DC00D6CE5C /* Release */,
			);
			defaultConfigurationIsVisible = 0;
			defaultConfigurationName = Release;
		};
		81699A8F288063DC00D6CE5C /* Build configuration list for PBXNativeTarget "VK Service" */ = {
			isa = XCConfigurationList;
			buildConfigurations = (
				81699A90288063DC00D6CE5C /* Debug */,
				81699A91288063DC00D6CE5C /* Release */,
			);
			defaultConfigurationIsVisible = 0;
			defaultConfigurationName = Release;
		};
/* End XCConfigurationList section */
	};
	rootObject = 81699A73288063D700D6CE5C /* Project object */;
}
